
Microsoft Visual Studio Solution File, Format Version 12.00
# Visual Studio Version 16
VisualStudioVersion = 16.0.30804.86
MinimumVisualStudioVersion = 10.0.40219.1
Project("{9A19103F-16F7-4668-BE54-9A1E7A4F7556}") = "BugTracker", "BugTracker\BugTracker.csproj", "{2B517257-9451-480D-A937-E4865EC4FD8B}"
EndProject
Project("{9A19103F-16F7-4668-BE54-9A1E7A4F7556}") = "BugTracker.Domain", "BugTracker.Domain\BugTracker.Domain.csproj", "{DA52437B-A1EB-420E-8FD0-4129F5AED399}"
EndProject
Project("{9A19103F-16F7-4668-BE54-9A1E7A4F7556}") = "BugTracker.Infrastructure", "BugTracker.Infrastructure\BugTracker.Infrastructure.csproj", "{8299B47D-BEE2-4C66-8AAA-AE81288B8AFC}"
EndProject
Project("{9A19103F-16F7-4668-BE54-9A1E7A4F7556}") = "BugTracker.Persistence", "BugTracker.Persistence\BugTracker.Persistence.csproj", "{056AB910-846F-4201-9C41-36E693113435}"
EndProject
Project("{9A19103F-16F7-4668-BE54-9A1E7A4F7556}") = "BugTracker.Service", "BugTracker.Service\BugTracker.Service.csproj", "{686EEA07-C0CE-4EB1-9290-14A009FC804C}"
EndProject
Global
	GlobalSection(SolutionConfigurationPlatforms) = preSolution
		Debug|Any CPU = Debug|Any CPU
		Release|Any CPU = Release|Any CPU
	EndGlobalSection
	GlobalSection(ProjectConfigurationPlatforms) = postSolution
		{2B517257-9451-480D-A937-E4865EC4FD8B}.Debug|Any CPU.ActiveCfg = Debug|Any CPU
		{2B517257-9451-480D-A937-E4865EC4FD8B}.Debug|Any CPU.Build.0 = Debug|Any CPU
		{2B517257-9451-480D-A937-E4865EC4FD8B}.Release|Any CPU.ActiveCfg = Release|Any CPU
		{2B517257-9451-480D-A937-E4865EC4FD8B}.Release|Any CPU.Build.0 = Release|Any CPU
		{DA52437B-A1EB-420E-8FD0-4129F5AED399}.Debug|Any CPU.ActiveCfg = Debug|Any CPU
		{DA52437B-A1EB-420E-8FD0-4129F5AED399}.Debug|Any CPU.Build.0 = Debug|Any CPU
		{DA52437B-A1EB-420E-8FD0-4129F5AED399}.Release|Any CPU.ActiveCfg = Release|Any CPU
		{DA52437B-A1EB-420E-8FD0-4129F5AED399}.Release|Any CPU.Build.0 = Release|Any CPU
		{8299B47D-BEE2-4C66-8AAA-AE81288B8AFC}.Debug|Any CPU.ActiveCfg = Debug|Any CPU
		{8299B47D-BEE2-4C66-8AAA-AE81288B8AFC}.Debug|Any CPU.Build.0 = Debug|Any CPU
		{8299B47D-BEE2-4C66-8AAA-AE81288B8AFC}.Release|Any CPU.ActiveCfg = Release|Any CPU
		{8299B47D-BEE2-4C66-8AAA-AE81288B8AFC}.Release|Any CPU.Build.0 = Release|Any CPU
		{056AB910-846F-4201-9C41-36E693113435}.Debug|Any CPU.ActiveCfg = Debug|Any CPU
		{056AB910-846F-4201-9C41-36E693113435}.Debug|Any CPU.Build.0 = Debug|Any CPU
		{056AB910-846F-4201-9C41-36E693113435}.Release|Any CPU.ActiveCfg = Release|Any CPU
		{056AB910-846F-4201-9C41-36E693113435}.Release|Any CPU.Build.0 = Release|Any CPU
		{686EEA07-C0CE-4EB1-9290-14A009FC804C}.Debug|Any CPU.ActiveCfg = Debug|Any CPU
		{686EEA07-C0CE-4EB1-9290-14A009FC804C}.Debug|Any CPU.Build.0 = Debug|Any CPU
		{686EEA07-C0CE-4EB1-9290-14A009FC804C}.Release|Any CPU.ActiveCfg = Release|Any CPU
		{686EEA07-C0CE-4EB1-9290-14A009FC804C}.Release|Any CPU.Build.0 = Release|Any CPU
	EndGlobalSection
	GlobalSection(SolutionProperties) = preSolution
		HideSolutionNode = FALSE
	EndGlobalSection
	GlobalSection(ExtensibilityGlobals) = postSolution
		SolutionGuid = {7AC3992B-DDB3-4F39-91AE-FA682A326503}
	EndGlobalSection
EndGlobal
